
Microsoft Visual Studio Solution File, Format Version 12.00
# Visual Studio Version 17
VisualStudioVersion = 17.3.32811.315
MinimumVisualStudioVersion = 10.0.40219.1
Project("{FAE04EC0-301F-11D3-BF4B-00C04F79EFBC}") = "TiendaDeMascotas", "TiendaDeMascotas\TiendaDeMascotas.csproj", "{8F6885F3-7B95-4BCA-A5EF-64F55160773E}"
EndProject
Global
	GlobalSection(SolutionConfigurationPlatforms) = preSolution
		Debug|Any CPU = Debug|Any CPU
		Release|Any CPU = Release|Any CPU
	EndGlobalSection
	GlobalSection(ProjectConfigurationPlatforms) = postSolution
		{8F6885F3-7B95-4BCA-A5EF-64F55160773E}.Debug|Any CPU.ActiveCfg = Debug|Any CPU
		{8F6885F3-7B95-4BCA-A5EF-64F55160773E}.Debug|Any CPU.Build.0 = Debug|Any CPU
		{8F6885F3-7B95-4BCA-A5EF-64F55160773E}.Release|Any CPU.ActiveCfg = Release|Any CPU
		{8F6885F3-7B95-4BCA-A5EF-64F55160773E}.Release|Any CPU.Build.0 = Release|Any CPU
	EndGlobalSection
	GlobalSection(SolutionProperties) = preSolution
		HideSolutionNode = FALSE
	EndGlobalSection
	GlobalSection(ExtensibilityGlobals) = postSolution
		SolutionGuid = {74E0042C-56F4-4E7A-918D-E09A7294FCE7}
	EndGlobalSection
EndGlobal
