
Microsoft Visual Studio Solution File, Format Version 12.00
# Visual Studio Version 17
VisualStudioVersion = 17.3.32811.315
MinimumVisualStudioVersion = 10.0.40219.1
Project("{FAE04EC0-301F-11D3-BF4B-00C04F79EFBC}") = "MyWpfApp1", "MyWpfApp1\MyWpfApp1.csproj", "{8BA51FC2-CB5B-40B5-8654-0D6952C145A8}"
EndProject
Global
	GlobalSection(SolutionConfigurationPlatforms) = preSolution
		Debug|Any CPU = Debug|Any CPU
		Release|Any CPU = Release|Any CPU
	EndGlobalSection
	GlobalSection(ProjectConfigurationPlatforms) = postSolution
		{8BA51FC2-CB5B-40B5-8654-0D6952C145A8}.Debug|Any CPU.ActiveCfg = Debug|Any CPU
		{8BA51FC2-CB5B-40B5-8654-0D6952C145A8}.Debug|Any CPU.Build.0 = Debug|Any CPU
		{8BA51FC2-CB5B-40B5-8654-0D6952C145A8}.Release|Any CPU.ActiveCfg = Release|Any CPU
		{8BA51FC2-CB5B-40B5-8654-0D6952C145A8}.Release|Any CPU.Build.0 = Release|Any CPU
	EndGlobalSection
	GlobalSection(SolutionProperties) = preSolution
		HideSolutionNode = FALSE
	EndGlobalSection
	GlobalSection(ExtensibilityGlobals) = postSolution
		SolutionGuid = {2EBAA5E8-E3FB-4E49-BA2E-15E5DF7B1CEC}
	EndGlobalSection
EndGlobal
