
Microsoft Visual Studio Solution File, Format Version 12.00
# Visual Studio Version 17
VisualStudioVersion = 17.3.32811.315
MinimumVisualStudioVersion = 10.0.40219.1
Project("{FAE04EC0-301F-11D3-BF4B-00C04F79EFBC}") = "Listas", "Listas\Listas.csproj", "{B16A9890-3545-4B52-83A0-B0306C6A7183}"
EndProject
Global
	GlobalSection(SolutionConfigurationPlatforms) = preSolution
		Debug|Any CPU = Debug|Any CPU
		Release|Any CPU = Release|Any CPU
	EndGlobalSection
	GlobalSection(ProjectConfigurationPlatforms) = postSolution
		{B16A9890-3545-4B52-83A0-B0306C6A7183}.Debug|Any CPU.ActiveCfg = Debug|Any CPU
		{B16A9890-3545-4B52-83A0-B0306C6A7183}.Debug|Any CPU.Build.0 = Debug|Any CPU
		{B16A9890-3545-4B52-83A0-B0306C6A7183}.Release|Any CPU.ActiveCfg = Release|Any CPU
		{B16A9890-3545-4B52-83A0-B0306C6A7183}.Release|Any CPU.Build.0 = Release|Any CPU
	EndGlobalSection
	GlobalSection(SolutionProperties) = preSolution
		HideSolutionNode = FALSE
	EndGlobalSection
	GlobalSection(ExtensibilityGlobals) = postSolution
		SolutionGuid = {255A1409-B5AA-4AA2-A536-C153408AF39B}
	EndGlobalSection
EndGlobal
