
Microsoft Visual Studio Solution File, Format Version 12.00
# Visual Studio Version 17
VisualStudioVersion = 17.3.32811.315
MinimumVisualStudioVersion = 10.0.40219.1
Project("{FAE04EC0-301F-11D3-BF4B-00C04F79EFBC}") = "CalculadoraDeMasaCorporal", "CalculadoraDeMasaCorporal\CalculadoraDeMasaCorporal.csproj", "{C8740716-2012-4B43-97C7-3E3460CFBA0A}"
EndProject
Global
	GlobalSection(SolutionConfigurationPlatforms) = preSolution
		Debug|Any CPU = Debug|Any CPU
		Release|Any CPU = Release|Any CPU
	EndGlobalSection
	GlobalSection(ProjectConfigurationPlatforms) = postSolution
		{C8740716-2012-4B43-97C7-3E3460CFBA0A}.Debug|Any CPU.ActiveCfg = Debug|Any CPU
		{C8740716-2012-4B43-97C7-3E3460CFBA0A}.Debug|Any CPU.Build.0 = Debug|Any CPU
		{C8740716-2012-4B43-97C7-3E3460CFBA0A}.Release|Any CPU.ActiveCfg = Release|Any CPU
		{C8740716-2012-4B43-97C7-3E3460CFBA0A}.Release|Any CPU.Build.0 = Release|Any CPU
	EndGlobalSection
	GlobalSection(SolutionProperties) = preSolution
		HideSolutionNode = FALSE
	EndGlobalSection
	GlobalSection(ExtensibilityGlobals) = postSolution
		SolutionGuid = {27D305D6-5687-4071-86B4-58A8718ACE79}
	EndGlobalSection
EndGlobal
