
Microsoft Visual Studio Solution File, Format Version 12.00
# Visual Studio Version 17
VisualStudioVersion = 17.3.32811.315
MinimumVisualStudioVersion = 10.0.40219.1
Project("{FAE04EC0-301F-11D3-BF4B-00C04F79EFBC}") = "ArreglosConFunciones", "ArreglosConFunciones\ArreglosConFunciones.csproj", "{3E72610C-7F1E-425E-9AC0-1242C4283D2A}"
EndProject
Global
	GlobalSection(SolutionConfigurationPlatforms) = preSolution
		Debug|Any CPU = Debug|Any CPU
		Release|Any CPU = Release|Any CPU
	EndGlobalSection
	GlobalSection(ProjectConfigurationPlatforms) = postSolution
		{3E72610C-7F1E-425E-9AC0-1242C4283D2A}.Debug|Any CPU.ActiveCfg = Debug|Any CPU
		{3E72610C-7F1E-425E-9AC0-1242C4283D2A}.Debug|Any CPU.Build.0 = Debug|Any CPU
		{3E72610C-7F1E-425E-9AC0-1242C4283D2A}.Release|Any CPU.ActiveCfg = Release|Any CPU
		{3E72610C-7F1E-425E-9AC0-1242C4283D2A}.Release|Any CPU.Build.0 = Release|Any CPU
	EndGlobalSection
	GlobalSection(SolutionProperties) = preSolution
		HideSolutionNode = FALSE
	EndGlobalSection
	GlobalSection(ExtensibilityGlobals) = postSolution
		SolutionGuid = {B467C9CE-2E93-4FB7-A316-F8CFE93E9577}
	EndGlobalSection
EndGlobal
